<Solution>
  <Folder Name="/Core/">
    <Project Path="Core/Application/Application.csproj" />
    <Project Path="Core/Domain/Domain.csproj" />
  </Folder>
  <Folder Name="/Infrastructure/">
    <Project Path="Infrastructure/Persistence/Persistence.csproj" />
  </Folder>
  <Folder Name="/Presentation/">
    <Project Path="Presentation/Telegram/Telegram.csproj" />
    <Project Path="Presentation/Tui/Tui.csproj" />
  </Folder>
</Solution>
